
Microsoft Visual Studio Solution File, Format Version 12.00
# Visual Studio 15
Project("{FAE04EC0-301F-11D3-BF4B-00C04F79EFBC}") = "Assembly-CSharp", "Assembly-CSharp.csproj", "{B7FB1881-7637-CA03-9924-98DC2078813C}"
EndProject
Project("{FAE04EC0-301F-11D3-BF4B-00C04F79EFBC}") = "Assembly-CSharp-firstpass", "Assembly-CSharp-firstpass.csproj", "{20290379-10C5-E8DE-E6B5-3F8B3C3D983A}"
EndProject
Project("{FAE04EC0-301F-11D3-BF4B-00C04F79EFBC}") = "Assembly-CSharp-Editor", "Assembly-CSharp-Editor.csproj", "{A4716D86-9CEC-0281-822E-A0338AAB08AE}"
EndProject
Project("{FAE04EC0-301F-11D3-BF4B-00C04F79EFBC}") = "Assembly-CSharp-Editor-firstpass", "Assembly-CSharp-Editor-firstpass.csproj", "{A796B56A-2AA1-30E1-0E52-F5A4E11491F6}"
EndProject
Global
	GlobalSection(SolutionConfigurationPlatforms) = preSolution
		Debug|Any CPU = Debug|Any CPU
		Release|Any CPU = Release|Any CPU
	EndGlobalSection
	GlobalSection(ProjectConfigurationPlatforms) = postSolution
		{B7FB1881-7637-CA03-9924-98DC2078813C}.Debug|Any CPU.ActiveCfg = Debug|Any CPU
		{B7FB1881-7637-CA03-9924-98DC2078813C}.Debug|Any CPU.Build.0 = Debug|Any CPU
		{B7FB1881-7637-CA03-9924-98DC2078813C}.Release|Any CPU.ActiveCfg = Release|Any CPU
		{B7FB1881-7637-CA03-9924-98DC2078813C}.Release|Any CPU.Build.0 = Release|Any CPU
		{20290379-10C5-E8DE-E6B5-3F8B3C3D983A}.Debug|Any CPU.ActiveCfg = Debug|Any CPU
		{20290379-10C5-E8DE-E6B5-3F8B3C3D983A}.Debug|Any CPU.Build.0 = Debug|Any CPU
		{20290379-10C5-E8DE-E6B5-3F8B3C3D983A}.Release|Any CPU.ActiveCfg = Release|Any CPU
		{20290379-10C5-E8DE-E6B5-3F8B3C3D983A}.Release|Any CPU.Build.0 = Release|Any CPU
		{A4716D86-9CEC-0281-822E-A0338AAB08AE}.Debug|Any CPU.ActiveCfg = Debug|Any CPU
		{A4716D86-9CEC-0281-822E-A0338AAB08AE}.Debug|Any CPU.Build.0 = Debug|Any CPU
		{A4716D86-9CEC-0281-822E-A0338AAB08AE}.Release|Any CPU.ActiveCfg = Release|Any CPU
		{A4716D86-9CEC-0281-822E-A0338AAB08AE}.Release|Any CPU.Build.0 = Release|Any CPU
		{A796B56A-2AA1-30E1-0E52-F5A4E11491F6}.Debug|Any CPU.ActiveCfg = Debug|Any CPU
		{A796B56A-2AA1-30E1-0E52-F5A4E11491F6}.Debug|Any CPU.Build.0 = Debug|Any CPU
		{A796B56A-2AA1-30E1-0E52-F5A4E11491F6}.Release|Any CPU.ActiveCfg = Release|Any CPU
		{A796B56A-2AA1-30E1-0E52-F5A4E11491F6}.Release|Any CPU.Build.0 = Release|Any CPU
	EndGlobalSection
	GlobalSection(SolutionProperties) = preSolution
		HideSolutionNode = FALSE
	EndGlobalSection
EndGlobal
